
Microsoft Visual Studio Solution File, Format Version 12.00
# Visual Studio Version 17
VisualStudioVersion = 17.6.33829.357
MinimumVisualStudioVersion = 10.0.40219.1
Project("{8BC9CEB8-8B4A-11D0-8D11-00A0C91BC942}") = "bai 4", "bai 4.vcxproj", "{414FA1DD-4D59-433E-9584-4A66CC1234D5}"
EndProject
Global
	GlobalSection(SolutionConfigurationPlatforms) = preSolution
		Debug|x64 = Debug|x64
		Debug|x86 = Debug|x86
		Release|x64 = Release|x64
		Release|x86 = Release|x86
	EndGlobalSection
	GlobalSection(ProjectConfigurationPlatforms) = postSolution
		{414FA1DD-4D59-433E-9584-4A66CC1234D5}.Debug|x64.ActiveCfg = Debug|x64
		{414FA1DD-4D59-433E-9584-4A66CC1234D5}.Debug|x64.Build.0 = Debug|x64
		{414FA1DD-4D59-433E-9584-4A66CC1234D5}.Debug|x86.ActiveCfg = Debug|Win32
		{414FA1DD-4D59-433E-9584-4A66CC1234D5}.Debug|x86.Build.0 = Debug|Win32
		{414FA1DD-4D59-433E-9584-4A66CC1234D5}.Release|x64.ActiveCfg = Release|x64
		{414FA1DD-4D59-433E-9584-4A66CC1234D5}.Release|x64.Build.0 = Release|x64
		{414FA1DD-4D59-433E-9584-4A66CC1234D5}.Release|x86.ActiveCfg = Release|Win32
		{414FA1DD-4D59-433E-9584-4A66CC1234D5}.Release|x86.Build.0 = Release|Win32
	EndGlobalSection
	GlobalSection(SolutionProperties) = preSolution
		HideSolutionNode = FALSE
	EndGlobalSection
	GlobalSection(ExtensibilityGlobals) = postSolution
		SolutionGuid = {D4E19588-9FFE-477E-9E52-E143E2D48AF6}
	EndGlobalSection
EndGlobal
